
Microsoft Visual Studio Solution File, Format Version 12.00
# Visual Studio 15
VisualStudioVersion = 15.0.26124.0
MinimumVisualStudioVersion = 15.0.26124.0
Project("{FAE04EC0-301F-11D3-BF4B-00C04F79EFBC}") = "Senses", "Senses\Senses.csproj", "{C261F399-8DA3-4831-998B-41CF225E92AA}"
EndProject
Project("{FAE04EC0-301F-11D3-BF4B-00C04F79EFBC}") = "Terminal", "Terminal\Terminal.csproj", "{BDF216BC-2E0F-4827-9E8C-9BCDA15EDED6}"
EndProject
Global
	GlobalSection(SolutionConfigurationPlatforms) = preSolution
		Debug|Any CPU = Debug|Any CPU
		Debug|x64 = Debug|x64
		Debug|x86 = Debug|x86
		Release|Any CPU = Release|Any CPU
		Release|x64 = Release|x64
		Release|x86 = Release|x86
	EndGlobalSection
	GlobalSection(SolutionProperties) = preSolution
		HideSolutionNode = FALSE
	EndGlobalSection
	GlobalSection(ProjectConfigurationPlatforms) = postSolution
		{C261F399-8DA3-4831-998B-41CF225E92AA}.Debug|Any CPU.ActiveCfg = Debug|Any CPU
		{C261F399-8DA3-4831-998B-41CF225E92AA}.Debug|Any CPU.Build.0 = Debug|Any CPU
		{C261F399-8DA3-4831-998B-41CF225E92AA}.Debug|x64.ActiveCfg = Debug|Any CPU
		{C261F399-8DA3-4831-998B-41CF225E92AA}.Debug|x64.Build.0 = Debug|Any CPU
		{C261F399-8DA3-4831-998B-41CF225E92AA}.Debug|x86.ActiveCfg = Debug|Any CPU
		{C261F399-8DA3-4831-998B-41CF225E92AA}.Debug|x86.Build.0 = Debug|Any CPU
		{C261F399-8DA3-4831-998B-41CF225E92AA}.Release|Any CPU.ActiveCfg = Release|Any CPU
		{C261F399-8DA3-4831-998B-41CF225E92AA}.Release|Any CPU.Build.0 = Release|Any CPU
		{C261F399-8DA3-4831-998B-41CF225E92AA}.Release|x64.ActiveCfg = Release|Any CPU
		{C261F399-8DA3-4831-998B-41CF225E92AA}.Release|x64.Build.0 = Release|Any CPU
		{C261F399-8DA3-4831-998B-41CF225E92AA}.Release|x86.ActiveCfg = Release|Any CPU
		{C261F399-8DA3-4831-998B-41CF225E92AA}.Release|x86.Build.0 = Release|Any CPU
		{BDF216BC-2E0F-4827-9E8C-9BCDA15EDED6}.Debug|Any CPU.ActiveCfg = Debug|Any CPU
		{BDF216BC-2E0F-4827-9E8C-9BCDA15EDED6}.Debug|Any CPU.Build.0 = Debug|Any CPU
		{BDF216BC-2E0F-4827-9E8C-9BCDA15EDED6}.Debug|x64.ActiveCfg = Debug|Any CPU
		{BDF216BC-2E0F-4827-9E8C-9BCDA15EDED6}.Debug|x64.Build.0 = Debug|Any CPU
		{BDF216BC-2E0F-4827-9E8C-9BCDA15EDED6}.Debug|x86.ActiveCfg = Debug|Any CPU
		{BDF216BC-2E0F-4827-9E8C-9BCDA15EDED6}.Debug|x86.Build.0 = Debug|Any CPU
		{BDF216BC-2E0F-4827-9E8C-9BCDA15EDED6}.Release|Any CPU.ActiveCfg = Release|Any CPU
		{BDF216BC-2E0F-4827-9E8C-9BCDA15EDED6}.Release|Any CPU.Build.0 = Release|Any CPU
		{BDF216BC-2E0F-4827-9E8C-9BCDA15EDED6}.Release|x64.ActiveCfg = Release|Any CPU
		{BDF216BC-2E0F-4827-9E8C-9BCDA15EDED6}.Release|x64.Build.0 = Release|Any CPU
		{BDF216BC-2E0F-4827-9E8C-9BCDA15EDED6}.Release|x86.ActiveCfg = Release|Any CPU
		{BDF216BC-2E0F-4827-9E8C-9BCDA15EDED6}.Release|x86.Build.0 = Release|Any CPU
	EndGlobalSection
EndGlobal
